// !$*UTF8*$!
{
	archiveVersion = 1;
	classes = {
	};
	objectVersion = 48;
	objects = {

/* Begin PBXBuildFile section */
		D14B77AB1FA5899F00DA0771 /* AppDelegate.swift in Sources */ = {isa = PBXBuildFile; fileRef = D14B77AA1FA5899F00DA0771 /* AppDelegate.swift */; };
		D14B77AD1FA5899F00DA0771 /* ViewController.swift in Sources */ = {isa = PBXBuildFile; fileRef = D14B77AC1FA5899F00DA0771 /* ViewController.swift */; };
		D14B77B01FA5899F00DA0771 /* Main.storyboard in Resources */ = {isa = PBXBuildFile; fileRef = D14B77AE1FA5899F00DA0771 /* Main.storyboard */; };
		D14B77B31FA5899F00DA0771 /* Myuze.xcdatamodeld in Sources */ = {isa = PBXBuildFile; fileRef = D14B77B11FA5899F00DA0771 /* Myuze.xcdatamodeld */; };
		D14B77B51FA5899F00DA0771 /* Assets.xcassets in Resources */ = {isa = PBXBuildFile; fileRef = D14B77B41FA5899F00DA0771 /* Assets.xcassets */; };
		D14B77B81FA5899F00DA0771 /* LaunchScreen.storyboard in Resources */ = {isa = PBXBuildFile; fileRef = D14B77B61FA5899F00DA0771 /* LaunchScreen.storyboard */; };
		D161A70C1FA693A80043BBC8 /* mainView.swift in Sources */ = {isa = PBXBuildFile; fileRef = D161A70B1FA693A80043BBC8 /* mainView.swift */; };
		D16909461FA78B3F00AE7390 /* songViewCell.swift in Sources */ = {isa = PBXBuildFile; fileRef = D16909451FA78B3F00AE7390 /* songViewCell.swift */; };
		D16909481FA78C3400AE7390 /* songViewTable.swift in Sources */ = {isa = PBXBuildFile; fileRef = D16909471FA78C3400AE7390 /* songViewTable.swift */; };
		D169094A1FA79F0900AE7390 /* SnapContainerViewController.swift in Sources */ = {isa = PBXBuildFile; fileRef = D16909491FA79F0900AE7390 /* SnapContainerViewController.swift */; };
		D169094C1FA79F2A00AE7390 /* VerticalScrollViewController.swift in Sources */ = {isa = PBXBuildFile; fileRef = D169094B1FA79F2A00AE7390 /* VerticalScrollViewController.swift */; };
		F002A9B61FECFE7EC5FCBE37 /* Pods_Myuze.framework in Frameworks */ = {isa = PBXBuildFile; fileRef = 7B1CD3C7D794998C0ADE19A1 /* Pods_Myuze.framework */; };
/* End PBXBuildFile section */

/* Begin PBXFileReference section */
		2323D0722077BC7D51990C80 /* Pods-Myuze.debug.xcconfig */ = {isa = PBXFileReference; includeInIndex = 1; lastKnownFileType = text.xcconfig; name = "Pods-Myuze.debug.xcconfig"; path = "Pods/Target Support Files/Pods-Myuze/Pods-Myuze.debug.xcconfig"; sourceTree = "<group>"; };
		6AFD46150D4DB7CB062C6C01 /* Pods-Myuze.release.xcconfig */ = {isa = PBXFileReference; includeInIndex = 1; lastKnownFileType = text.xcconfig; name = "Pods-Myuze.release.xcconfig"; path = "Pods/Target Support Files/Pods-Myuze/Pods-Myuze.release.xcconfig"; sourceTree = "<group>"; };
		7B1CD3C7D794998C0ADE19A1 /* Pods_Myuze.framework */ = {isa = PBXFileReference; explicitFileType = wrapper.framework; includeInIndex = 0; path = Pods_Myuze.framework; sourceTree = BUILT_PRODUCTS_DIR; };
		D14B77A71FA5899F00DA0771 /* Myuze.app */ = {isa = PBXFileReference; explicitFileType = wrapper.application; includeInIndex = 0; path = Myuze.app; sourceTree = BUILT_PRODUCTS_DIR; };
		D14B77AA1FA5899F00DA0771 /* AppDelegate.swift */ = {isa = PBXFileReference; lastKnownFileType = sourcecode.swift; path = AppDelegate.swift; sourceTree = "<group>"; };
		D14B77AC1FA5899F00DA0771 /* ViewController.swift */ = {isa = PBXFileReference; lastKnownFileType = sourcecode.swift; path = ViewController.swift; sourceTree = "<group>"; };
		D14B77AF1FA5899F00DA0771 /* Base */ = {isa = PBXFileReference; lastKnownFileType = file.storyboard; name = Base; path = Base.lproj/Main.storyboard; sourceTree = "<group>"; };
		D14B77B21FA5899F00DA0771 /* Myuze.xcdatamodel */ = {isa = PBXFileReference; lastKnownFileType = wrapper.xcdatamodel; path = Myuze.xcdatamodel; sourceTree = "<group>"; };
		D14B77B41FA5899F00DA0771 /* Assets.xcassets */ = {isa = PBXFileReference; lastKnownFileType = folder.assetcatalog; path = Assets.xcassets; sourceTree = "<group>"; };
		D14B77B71FA5899F00DA0771 /* Base */ = {isa = PBXFileReference; lastKnownFileType = file.storyboard; name = Base; path = Base.lproj/LaunchScreen.storyboard; sourceTree = "<group>"; };
		D14B77B91FA5899F00DA0771 /* Info.plist */ = {isa = PBXFileReference; lastKnownFileType = text.plist.xml; path = Info.plist; sourceTree = "<group>"; };
		D161A70B1FA693A80043BBC8 /* mainView.swift */ = {isa = PBXFileReference; lastKnownFileType = sourcecode.swift; path = mainView.swift; sourceTree = "<group>"; };
		D16909451FA78B3F00AE7390 /* songViewCell.swift */ = {isa = PBXFileReference; lastKnownFileType = sourcecode.swift; path = songViewCell.swift; sourceTree = "<group>"; };
		D16909471FA78C3400AE7390 /* songViewTable.swift */ = {isa = PBXFileReference; lastKnownFileType = sourcecode.swift; path = songViewTable.swift; sourceTree = "<group>"; };
		D16909491FA79F0900AE7390 /* SnapContainerViewController.swift */ = {isa = PBXFileReference; fileEncoding = 4; lastKnownFileType = sourcecode.swift; path = SnapContainerViewController.swift; sourceTree = "<group>"; };
		D169094B1FA79F2A00AE7390 /* VerticalScrollViewController.swift */ = {isa = PBXFileReference; fileEncoding = 4; lastKnownFileType = sourcecode.swift; path = VerticalScrollViewController.swift; sourceTree = "<group>"; };
/* End PBXFileReference section */

/* Begin PBXFrameworksBuildPhase section */
		D14B77A41FA5899F00DA0771 /* Frameworks */ = {
			isa = PBXFrameworksBuildPhase;
			buildActionMask = 2147483647;
			files = (
				F002A9B61FECFE7EC5FCBE37 /* Pods_Myuze.framework in Frameworks */,
			);
			runOnlyForDeploymentPostprocessing = 0;
		};
/* End PBXFrameworksBuildPhase section */

/* Begin PBXGroup section */
		53012EB624EA37C19B4C19ED /* Frameworks */ = {
			isa = PBXGroup;
			children = (
				7B1CD3C7D794998C0ADE19A1 /* Pods_Myuze.framework */,
			);
			name = Frameworks;
			sourceTree = "<group>";
		};
		A02909A75968247957688C8A /* Pods */ = {
			isa = PBXGroup;
			children = (
				2323D0722077BC7D51990C80 /* Pods-Myuze.debug.xcconfig */,
				6AFD46150D4DB7CB062C6C01 /* Pods-Myuze.release.xcconfig */,
			);
			name = Pods;
			sourceTree = "<group>";
		};
		D14B779E1FA5899F00DA0771 = {
			isa = PBXGroup;
			children = (
				D14B77A91FA5899F00DA0771 /* Myuze */,
				D14B77A81FA5899F00DA0771 /* Products */,
				A02909A75968247957688C8A /* Pods */,
				53012EB624EA37C19B4C19ED /* Frameworks */,
			);
			sourceTree = "<group>";
		};
		D14B77A81FA5899F00DA0771 /* Products */ = {
			isa = PBXGroup;
			children = (
				D14B77A71FA5899F00DA0771 /* Myuze.app */,
			);
			name = Products;
			sourceTree = "<group>";
		};
		D14B77A91FA5899F00DA0771 /* Myuze */ = {
			isa = PBXGroup;
			children = (
				D14B77AA1FA5899F00DA0771 /* AppDelegate.swift */,
				D14B77AC1FA5899F00DA0771 /* ViewController.swift */,
				D14B77AE1FA5899F00DA0771 /* Main.storyboard */,
				D169094D1FA8D05E00AE7390 /* songView */,
				D161A70B1FA693A80043BBC8 /* mainView.swift */,
				D14B77B41FA5899F00DA0771 /* Assets.xcassets */,
				D14B77B61FA5899F00DA0771 /* LaunchScreen.storyboard */,
				D14B77B91FA5899F00DA0771 /* Info.plist */,
				D14B77B11FA5899F00DA0771 /* Myuze.xcdatamodeld */,
				D169094B1FA79F2A00AE7390 /* VerticalScrollViewController.swift */,
				D16909491FA79F0900AE7390 /* SnapContainerViewController.swift */,
			);
			path = Myuze;
			sourceTree = "<group>";
		};
		D169094D1FA8D05E00AE7390 /* songView */ = {
			isa = PBXGroup;
			children = (
				D16909451FA78B3F00AE7390 /* songViewCell.swift */,
				D16909471FA78C3400AE7390 /* songViewTable.swift */,
			);
			path = songView;
			sourceTree = "<group>";
		};
/* End PBXGroup section */

/* Begin PBXNativeTarget section */
		D14B77A61FA5899F00DA0771 /* Myuze */ = {
			isa = PBXNativeTarget;
			buildConfigurationList = D14B77BC1FA5899F00DA0771 /* Build configuration list for PBXNativeTarget "Myuze" */;
			buildPhases = (
				6A5550BB0C65940E38E872A6 /* [CP] Check Pods Manifest.lock */,
				D14B77A31FA5899F00DA0771 /* Sources */,
				D14B77A41FA5899F00DA0771 /* Frameworks */,
				D14B77A51FA5899F00DA0771 /* Resources */,
				23DD53F416E032FEE6439F08 /* [CP] Embed Pods Frameworks */,
				0B85BBD466AB916B1DF570C6 /* [CP] Copy Pods Resources */,
			);
			buildRules = (
			);
			dependencies = (
			);
			name = Myuze;
			productName = Myuze;
			productReference = D14B77A71FA5899F00DA0771 /* Myuze.app */;
			productType = "com.apple.product-type.application";
		};
/* End PBXNativeTarget section */

/* Begin PBXProject section */
		D14B779F1FA5899F00DA0771 /* Project object */ = {
			isa = PBXProject;
			attributes = {
				LastSwiftUpdateCheck = 0900;
				LastUpgradeCheck = 0900;
				ORGANIZATIONNAME = Myuze;
				TargetAttributes = {
					D14B77A61FA5899F00DA0771 = {
						CreatedOnToolsVersion = 9.0.1;
						ProvisioningStyle = Automatic;
						SystemCapabilities = {
							com.apple.BackgroundModes = {
								enabled = 1;
							};
						};
					};
				};
			};
			buildConfigurationList = D14B77A21FA5899F00DA0771 /* Build configuration list for PBXProject "Myuze" */;
			compatibilityVersion = "Xcode 8.0";
			developmentRegion = en;
			hasScannedForEncodings = 0;
			knownRegions = (
				en,
				Base,
			);
			mainGroup = D14B779E1FA5899F00DA0771;
			productRefGroup = D14B77A81FA5899F00DA0771 /* Products */;
			projectDirPath = "";
			projectRoot = "";
			targets = (
				D14B77A61FA5899F00DA0771 /* Myuze */,
			);
		};
/* End PBXProject section */

/* Begin PBXResourcesBuildPhase section */
		D14B77A51FA5899F00DA0771 /* Resources */ = {
			isa = PBXResourcesBuildPhase;
			buildActionMask = 2147483647;
			files = (
				D14B77B81FA5899F00DA0771 /* LaunchScreen.storyboard in Resources */,
				D14B77B51FA5899F00DA0771 /* Assets.xcassets in Resources */,
				D14B77B01FA5899F00DA0771 /* Main.storyboard in Resources */,
			);
			runOnlyForDeploymentPostprocessing = 0;
		};
/* End PBXResourcesBuildPhase section */

/* Begin PBXShellScriptBuildPhase section */
		0B85BBD466AB916B1DF570C6 /* [CP] Copy Pods Resources */ = {
			isa = PBXShellScriptBuildPhase;
			buildActionMask = 2147483647;
			files = (
			);
			inputPaths = (
			);
			name = "[CP] Copy Pods Resources";
			outputPaths = (
			);
			runOnlyForDeploymentPostprocessing = 0;
			shellPath = /bin/sh;
			shellScript = "\"${SRCROOT}/Pods/Target Support Files/Pods-Myuze/Pods-Myuze-resources.sh\"\n";
			showEnvVarsInLog = 0;
		};
		23DD53F416E032FEE6439F08 /* [CP] Embed Pods Frameworks */ = {
			isa = PBXShellScriptBuildPhase;
			buildActionMask = 2147483647;
			files = (
			);
			inputPaths = (
				"${SRCROOT}/Pods/Target Support Files/Pods-Myuze/Pods-Myuze-frameworks.sh",
				"${BUILT_PRODUCTS_DIR}/MarqueeLabel/MarqueeLabel.framework",
			);
			name = "[CP] Embed Pods Frameworks";
			outputPaths = (
				"${TARGET_BUILD_DIR}/${FRAMEWORKS_FOLDER_PATH}/MarqueeLabel.framework",
			);
			runOnlyForDeploymentPostprocessing = 0;
			shellPath = /bin/sh;
			shellScript = "\"${SRCROOT}/Pods/Target Support Files/Pods-Myuze/Pods-Myuze-frameworks.sh\"\n";
			showEnvVarsInLog = 0;
		};
		6A5550BB0C65940E38E872A6 /* [CP] Check Pods Manifest.lock */ = {
			isa = PBXShellScriptBuildPhase;
			buildActionMask = 2147483647;
			files = (
			);
			inputPaths = (
				"${PODS_PODFILE_DIR_PATH}/Podfile.lock",
				"${PODS_ROOT}/Manifest.lock",
			);
			name = "[CP] Check Pods Manifest.lock";
			outputPaths = (
				"$(DERIVED_FILE_DIR)/Pods-Myuze-checkManifestLockResult.txt",
			);
			runOnlyForDeploymentPostprocessing = 0;
			shellPath = /bin/sh;
			shellScript = "diff \"${PODS_PODFILE_DIR_PATH}/Podfile.lock\" \"${PODS_ROOT}/Manifest.lock\" > /dev/null\nif [ $? != 0 ] ; then\n    # print error to STDERR\n    echo \"error: The sandbox is not in sync with the Podfile.lock. Run 'pod install' or update your CocoaPods installation.\" >&2\n    exit 1\nfi\n# This output is used by Xcode 'outputs' to avoid re-running this script phase.\necho \"SUCCESS\" > \"${SCRIPT_OUTPUT_FILE_0}\"\n";
			showEnvVarsInLog = 0;
		};
/* End PBXShellScriptBuildPhase section */

/* Begin PBXSourcesBuildPhase section */
		D14B77A31FA5899F00DA0771 /* Sources */ = {
			isa = PBXSourcesBuildPhase;
			buildActionMask = 2147483647;
			files = (
				D14B77AD1FA5899F00DA0771 /* ViewController.swift in Sources */,
				D169094C1FA79F2A00AE7390 /* VerticalScrollViewController.swift in Sources */,
				D169094A1FA79F0900AE7390 /* SnapContainerViewController.swift in Sources */,
				D161A70C1FA693A80043BBC8 /* mainView.swift in Sources */,
				D16909481FA78C3400AE7390 /* songViewTable.swift in Sources */,
				D14B77AB1FA5899F00DA0771 /* AppDelegate.swift in Sources */,
				D14B77B31FA5899F00DA0771 /* Myuze.xcdatamodeld in Sources */,
				D16909461FA78B3F00AE7390 /* songViewCell.swift in Sources */,
			);
			runOnlyForDeploymentPostprocessing = 0;
		};
/* End PBXSourcesBuildPhase section */

/* Begin PBXVariantGroup section */
		D14B77AE1FA5899F00DA0771 /* Main.storyboard */ = {
			isa = PBXVariantGroup;
			children = (
				D14B77AF1FA5899F00DA0771 /* Base */,
			);
			name = Main.storyboard;
			sourceTree = "<group>";
		};
		D14B77B61FA5899F00DA0771 /* LaunchScreen.storyboard */ = {
			isa = PBXVariantGroup;
			children = (
				D14B77B71FA5899F00DA0771 /* Base */,
			);
			name = LaunchScreen.storyboard;
			sourceTree = "<group>";
		};
/* End PBXVariantGroup section */

/* Begin XCBuildConfiguration section */
		D14B77BA1FA5899F00DA0771 /* Debug */ = {
			isa = XCBuildConfiguration;
			buildSettings = {
				ALWAYS_SEARCH_USER_PATHS = NO;
				CLANG_ANALYZER_NONNULL = YES;
				CLANG_ANALYZER_NUMBER_OBJECT_CONVERSION = YES_AGGRESSIVE;
				CLANG_CXX_LANGUAGE_STANDARD = "gnu++14";
				CLANG_CXX_LIBRARY = "libc++";
				CLANG_ENABLE_MODULES = YES;
				CLANG_ENABLE_OBJC_ARC = YES;
				CLANG_WARN_BLOCK_CAPTURE_AUTORELEASING = YES;
				CLANG_WARN_BOOL_CONVERSION = YES;
				CLANG_WARN_COMMA = YES;
				CLANG_WARN_CONSTANT_CONVERSION = YES;
				CLANG_WARN_DIRECT_OBJC_ISA_USAGE = YES_ERROR;
				CLANG_WARN_DOCUMENTATION_COMMENTS = YES;
				CLANG_WARN_EMPTY_BODY = YES;
				CLANG_WARN_ENUM_CONVERSION = YES;
				CLANG_WARN_INFINITE_RECURSION = YES;
				CLANG_WARN_INT_CONVERSION = YES;
				CLANG_WARN_NON_LITERAL_NULL_CONVERSION = YES;
				CLANG_WARN_OBJC_LITERAL_CONVERSION = YES;
				CLANG_WARN_OBJC_ROOT_CLASS = YES_ERROR;
				CLANG_WARN_RANGE_LOOP_ANALYSIS = YES;
				CLANG_WARN_STRICT_PROTOTYPES = YES;
				CLANG_WARN_SUSPICIOUS_MOVE = YES;
				CLANG_WARN_UNGUARDED_AVAILABILITY = YES_AGGRESSIVE;
				CLANG_WARN_UNREACHABLE_CODE = YES;
				CLANG_WARN__DUPLICATE_METHOD_MATCH = YES;
				CODE_SIGN_IDENTITY = "iPhone Developer";
				COPY_PHASE_STRIP = NO;
				DEBUG_INFORMATION_FORMAT = dwarf;
				ENABLE_STRICT_OBJC_MSGSEND = YES;
				ENABLE_TESTABILITY = YES;
				GCC_C_LANGUAGE_STANDARD = gnu11;
				GCC_DYNAMIC_NO_PIC = NO;
				GCC_NO_COMMON_BLOCKS = YES;
				GCC_OPTIMIZATION_LEVEL = 0;
				GCC_PREPROCESSOR_DEFINITIONS = (
					"DEBUG=1",
					"$(inherited)",
				);
				GCC_WARN_64_TO_32_BIT_CONVERSION = YES;
				GCC_WARN_ABOUT_RETURN_TYPE = YES_ERROR;
				GCC_WARN_UNDECLARED_SELECTOR = YES;
				GCC_WARN_UNINITIALIZED_AUTOS = YES_AGGRESSIVE;
				GCC_WARN_UNUSED_FUNCTION = YES;
				GCC_WARN_UNUSED_VARIABLE = YES;
				IPHONEOS_DEPLOYMENT_TARGET = 11.0;
				MTL_ENABLE_DEBUG_INFO = YES;
				ONLY_ACTIVE_ARCH = YES;
				SDKROOT = iphoneos;
				SWIFT_ACTIVE_COMPILATION_CONDITIONS = DEBUG;
				SWIFT_OPTIMIZATION_LEVEL = "-Onone";
			};
			name = Debug;
		};
		D14B77BB1FA5899F00DA0771 /* Release */ = {
			isa = XCBuildConfiguration;
			buildSettings = {
				ALWAYS_SEARCH_USER_PATHS = NO;
				CLANG_ANALYZER_NONNULL = YES;
				CLANG_ANALYZER_NUMBER_OBJECT_CONVERSION = YES_AGGRESSIVE;
				CLANG_CXX_LANGUAGE_STANDARD = "gnu++14";
				CLANG_CXX_LIBRARY = "libc++";
				CLANG_ENABLE_MODULES = YES;
				CLANG_ENABLE_OBJC_ARC = YES;
				CLANG_WARN_BLOCK_CAPTURE_AUTORELEASING = YES;
				CLANG_WARN_BOOL_CONVERSION = YES;
				CLANG_WARN_COMMA = YES;
				CLANG_WARN_CONSTANT_CONVERSION = YES;
				CLANG_WARN_DIRECT_OBJC_ISA_USAGE = YES_ERROR;
				CLANG_WARN_DOCUMENTATION_COMMENTS = YES;
				CLANG_WARN_EMPTY_BODY = YES;
				CLANG_WARN_ENUM_CONVERSION = YES;
				CLANG_WARN_INFINITE_RECURSION = YES;
				CLANG_WARN_INT_CONVERSION = YES;
				CLANG_WARN_NON_LITERAL_NULL_CONVERSION = YES;
				CLANG_WARN_OBJC_LITERAL_CONVERSION = YES;
				CLANG_WARN_OBJC_ROOT_CLASS = YES_ERROR;
				CLANG_WARN_RANGE_LOOP_ANALYSIS = YES;
				CLANG_WARN_STRICT_PROTOTYPES = YES;
				CLANG_WARN_SUSPICIOUS_MOVE = YES;
				CLANG_WARN_UNGUARDED_AVAILABILITY = YES_AGGRESSIVE;
				CLANG_WARN_UNREACHABLE_CODE = YES;
				CLANG_WARN__DUPLICATE_METHOD_MATCH = YES;
				CODE_SIGN_IDENTITY = "iPhone Developer";
				COPY_PHASE_STRIP = NO;
				DEBUG_INFORMATION_FORMAT = "dwarf-with-dsym";
				ENABLE_NS_ASSERTIONS = NO;
				ENABLE_STRICT_OBJC_MSGSEND = YES;
				GCC_C_LANGUAGE_STANDARD = gnu11;
				GCC_NO_COMMON_BLOCKS = YES;
				GCC_WARN_64_TO_32_BIT_CONVERSION = YES;
				GCC_WARN_ABOUT_RETURN_TYPE = YES_ERROR;
				GCC_WARN_UNDECLARED_SELECTOR = YES;
				GCC_WARN_UNINITIALIZED_AUTOS = YES_AGGRESSIVE;
				GCC_WARN_UNUSED_FUNCTION = YES;
				GCC_WARN_UNUSED_VARIABLE = YES;
				IPHONEOS_DEPLOYMENT_TARGET = 11.0;
				MTL_ENABLE_DEBUG_INFO = NO;
				SDKROOT = iphoneos;
				SWIFT_OPTIMIZATION_LEVEL = "-Owholemodule";
				VALIDATE_PRODUCT = YES;
			};
			name = Release;
		};
		D14B77BD1FA5899F00DA0771 /* Debug */ = {
			isa = XCBuildConfiguration;
			baseConfigurationReference = 2323D0722077BC7D51990C80 /* Pods-Myuze.debug.xcconfig */;
			buildSettings = {
				ASSETCATALOG_COMPILER_APPICON_NAME = AppIcon;
				CODE_SIGN_STYLE = Automatic;
				DEVELOPMENT_TEAM = 6JK3GN4CAL;
				INFOPLIST_FILE = Myuze/Info.plist;
				LD_RUNPATH_SEARCH_PATHS = "$(inherited) @executable_path/Frameworks";
				PRODUCT_BUNDLE_IDENTIFIER = team.Myuze;
				PRODUCT_NAME = "$(TARGET_NAME)";
				SWIFT_VERSION = 4.0;
				TARGETED_DEVICE_FAMILY = "1,2";
			};
			name = Debug;
		};
		D14B77BE1FA5899F00DA0771 /* Release */ = {
			isa = XCBuildConfiguration;
			baseConfigurationReference = 6AFD46150D4DB7CB062C6C01 /* Pods-Myuze.release.xcconfig */;
			buildSettings = {
				ASSETCATALOG_COMPILER_APPICON_NAME = AppIcon;
				CODE_SIGN_STYLE = Automatic;
				DEVELOPMENT_TEAM = 6JK3GN4CAL;
				INFOPLIST_FILE = Myuze/Info.plist;
				LD_RUNPATH_SEARCH_PATHS = "$(inherited) @executable_path/Frameworks";
				PRODUCT_BUNDLE_IDENTIFIER = team.Myuze;
				PRODUCT_NAME = "$(TARGET_NAME)";
				SWIFT_VERSION = 4.0;
				TARGETED_DEVICE_FAMILY = "1,2";
			};
			name = Release;
		};
/* End XCBuildConfiguration section */

/* Begin XCConfigurationList section */
		D14B77A21FA5899F00DA0771 /* Build configuration list for PBXProject "Myuze" */ = {
			isa = XCConfigurationList;
			buildConfigurations = (
				D14B77BA1FA5899F00DA0771 /* Debug */,
				D14B77BB1FA5899F00DA0771 /* Release */,
			);
			defaultConfigurationIsVisible = 0;
			defaultConfigurationName = Release;
		};
		D14B77BC1FA5899F00DA0771 /* Build configuration list for PBXNativeTarget "Myuze" */ = {
			isa = XCConfigurationList;
			buildConfigurations = (
				D14B77BD1FA5899F00DA0771 /* Debug */,
				D14B77BE1FA5899F00DA0771 /* Release */,
			);
			defaultConfigurationIsVisible = 0;
			defaultConfigurationName = Release;
		};
/* End XCConfigurationList section */

/* Begin XCVersionGroup section */
		D14B77B11FA5899F00DA0771 /* Myuze.xcdatamodeld */ = {
			isa = XCVersionGroup;
			children = (
				D14B77B21FA5899F00DA0771 /* Myuze.xcdatamodel */,
			);
			currentVersion = D14B77B21FA5899F00DA0771 /* Myuze.xcdatamodel */;
			path = Myuze.xcdatamodeld;
			sourceTree = "<group>";
			versionGroupType = wrapper.xcdatamodel;
		};
/* End XCVersionGroup section */
	};
	rootObject = D14B779F1FA5899F00DA0771 /* Project object */;
}
